
Microsoft Visual Studio Solution File, Format Version 10.00
# Visual Studio 2008
Project("{8BC9CEB8-8B4A-11D0-8D11-00A0C91BC942}") = "IBM1130", "IBM1130.vcproj", "{D593C954-5115-4D15-ABDB-01B66006FF6F}"
EndProject
Global
	GlobalSection(SolutionConfigurationPlatforms) = preSolution
		Debug|Win32 = Debug|Win32
		Release|Win32 = Release|Win32
	EndGlobalSection
	GlobalSection(ProjectConfigurationPlatforms) = postSolution
		{D593C954-5115-4D15-ABDB-01B66006FF6F}.Debug|Win32.ActiveCfg = Debug|Win32
		{D593C954-5115-4D15-ABDB-01B66006FF6F}.Debug|Win32.Build.0 = Debug|Win32
		{D593C954-5115-4D15-ABDB-01B66006FF6F}.Release|Win32.ActiveCfg = Release|Win32
		{D593C954-5115-4D15-ABDB-01B66006FF6F}.Release|Win32.Build.0 = Release|Win32
	EndGlobalSection
	GlobalSection(SolutionProperties) = preSolution
		HideSolutionNode = FALSE
	EndGlobalSection
EndGlobal
