
Microsoft Visual Studio Solution File, Format Version 10.00
# Visual Studio 2008
Project("{8BC9CEB8-8B4A-11D0-8D11-00A0C91BC942}") = "diskload", "diskload.vcproj", "{5153B05D-0603-4A81-ACE9-29CDC70D555C}"
EndProject
Project("{8BC9CEB8-8B4A-11D0-8D11-00A0C91BC942}") = "filelist", "filelist.vcproj", "{3A41CF1F-C9C4-45BB-95A3-B440887C0C8D}"
EndProject
Project("{8BC9CEB8-8B4A-11D0-8D11-00A0C91BC942}") = "cutostap", "cutostap.vcproj", "{4136F1EB-D3DC-4A31-9278-9050DB86925A}"
EndProject
Project("{8BC9CEB8-8B4A-11D0-8D11-00A0C91BC942}") = "volmcopy", "volmcopy.vcproj", "{6AEC2D70-9D5D-4093-B444-E70B9F8B0AFF}"
EndProject
Project("{8BC9CEB8-8B4A-11D0-8D11-00A0C91BC942}") = "tapscan", "tapscan.vcproj", "{621DC54F-7A6B-4FF5-B2AD-8043B4B6BA27}"
EndProject
Project("{8BC9CEB8-8B4A-11D0-8D11-00A0C91BC942}") = "tape2disk", "tape2disk.vcproj", "{8B0E823B-FDB8-4F25-9610-CA40FDD4EF6B}"
EndProject
Project("{8BC9CEB8-8B4A-11D0-8D11-00A0C91BC942}") = "tapdump", "tapdump.vcproj", "{41C61C02-1CF2-4953-9632-B6218504E7D4}"
EndProject
Project("{8BC9CEB8-8B4A-11D0-8D11-00A0C91BC942}") = "tap2disk", "tap2disk.vcproj", "{159F0F80-2D5F-468E-80EB-76BA58F441B0}"
EndProject
Project("{8BC9CEB8-8B4A-11D0-8D11-00A0C91BC942}") = "small", "small.vcproj", "{4DC42731-543C-4D83-9EE5-CEDDE80F6CC8}"
EndProject
Project("{8BC9CEB8-8B4A-11D0-8D11-00A0C91BC942}") = "sdtfmgrcopy", "sdtfmgrcopy.vcproj", "{09310BA8-0060-4D27-ADB5-FA8EEBB47567}"
EndProject
Project("{8BC9CEB8-8B4A-11D0-8D11-00A0C91BC942}") = "renum", "renum.vcproj", "{B6970057-79CA-45E5-BE41-F29EF2CEBEFF}"
EndProject
Project("{8BC9CEB8-8B4A-11D0-8D11-00A0C91BC942}") = "mpxblk", "mpxblk.vcproj", "{FF333F18-7F81-403C-9AFB-82252BDD8813}"
EndProject
Project("{8BC9CEB8-8B4A-11D0-8D11-00A0C91BC942}") = "mkvmtape", "mkvmtape.vcproj", "{8FC97F01-DE71-4A24-A4DB-F83157CD8CDF}"
EndProject
Project("{8BC9CEB8-8B4A-11D0-8D11-00A0C91BC942}") = "mkfmtape", "mkfmtape.vcproj", "{18B47C01-B442-4947-A74C-3C01F7192571}"
EndProject
Project("{8BC9CEB8-8B4A-11D0-8D11-00A0C91BC942}") = "mkdiagtape", "mkdiagtape.vcproj", "{9CEF2B15-30FD-4335-8AF7-E15247CE8C1D}"
EndProject
Project("{8BC9CEB8-8B4A-11D0-8D11-00A0C91BC942}") = "fmgrcopy", "fmgrcopy.vcproj", "{9F8F2657-5F06-41B6-A04D-FD4D14950F60}"
EndProject
Project("{8BC9CEB8-8B4A-11D0-8D11-00A0C91BC942}") = "eomtap", "eomtap.vcproj", "{758EC2C1-C05B-4A10-A052-B3A41A4C8336}"
EndProject
Project("{8BC9CEB8-8B4A-11D0-8D11-00A0C91BC942}") = "disk2tap", "disk2tap.vcproj", "{4C2681BB-3553-4EC5-8A2E-FBD6948F2A52}"
EndProject
Project("{8BC9CEB8-8B4A-11D0-8D11-00A0C91BC942}") = "diagcopy", "diagcopy.vcproj", "{80455C0B-EFC9-4E4E-BB6E-4AC7417BEEDA}"
EndProject
Project("{8BC9CEB8-8B4A-11D0-8D11-00A0C91BC942}") = "deblk", "deblk.vcproj", "{18A1B7C2-15FB-4EA4-9B9F-59D1AF12B835}"
EndProject
Project("{8BC9CEB8-8B4A-11D0-8D11-00A0C91BC942}") = "ddump", "ddump.vcproj", "{7B3D52A9-69E6-4292-94FE-AE0DBE35711D}"
EndProject
Global
	GlobalSection(SolutionConfigurationPlatforms) = preSolution
		Debug|Win32 = Debug|Win32
		Release|Win32 = Release|Win32
	EndGlobalSection
	GlobalSection(ProjectConfigurationPlatforms) = postSolution
		{5153B05D-0603-4A81-ACE9-29CDC70D555C}.Debug|Win32.ActiveCfg = Debug|Win32
		{5153B05D-0603-4A81-ACE9-29CDC70D555C}.Debug|Win32.Build.0 = Debug|Win32
		{5153B05D-0603-4A81-ACE9-29CDC70D555C}.Release|Win32.ActiveCfg = Release|Win32
		{5153B05D-0603-4A81-ACE9-29CDC70D555C}.Release|Win32.Build.0 = Release|Win32
		{3A41CF1F-C9C4-45BB-95A3-B440887C0C8D}.Debug|Win32.ActiveCfg = Debug|Win32
		{3A41CF1F-C9C4-45BB-95A3-B440887C0C8D}.Debug|Win32.Build.0 = Debug|Win32
		{3A41CF1F-C9C4-45BB-95A3-B440887C0C8D}.Release|Win32.ActiveCfg = Release|Win32
		{3A41CF1F-C9C4-45BB-95A3-B440887C0C8D}.Release|Win32.Build.0 = Release|Win32
		{4136F1EB-D3DC-4A31-9278-9050DB86925A}.Debug|Win32.ActiveCfg = Debug|Win32
		{4136F1EB-D3DC-4A31-9278-9050DB86925A}.Debug|Win32.Build.0 = Debug|Win32
		{4136F1EB-D3DC-4A31-9278-9050DB86925A}.Release|Win32.ActiveCfg = Release|Win32
		{4136F1EB-D3DC-4A31-9278-9050DB86925A}.Release|Win32.Build.0 = Release|Win32
		{6AEC2D70-9D5D-4093-B444-E70B9F8B0AFF}.Debug|Win32.ActiveCfg = Debug|Win32
		{6AEC2D70-9D5D-4093-B444-E70B9F8B0AFF}.Debug|Win32.Build.0 = Debug|Win32
		{6AEC2D70-9D5D-4093-B444-E70B9F8B0AFF}.Release|Win32.ActiveCfg = Release|Win32
		{6AEC2D70-9D5D-4093-B444-E70B9F8B0AFF}.Release|Win32.Build.0 = Release|Win32
		{621DC54F-7A6B-4FF5-B2AD-8043B4B6BA27}.Debug|Win32.ActiveCfg = Debug|Win32
		{621DC54F-7A6B-4FF5-B2AD-8043B4B6BA27}.Debug|Win32.Build.0 = Debug|Win32
		{621DC54F-7A6B-4FF5-B2AD-8043B4B6BA27}.Release|Win32.ActiveCfg = Release|Win32
		{621DC54F-7A6B-4FF5-B2AD-8043B4B6BA27}.Release|Win32.Build.0 = Release|Win32
		{8B0E823B-FDB8-4F25-9610-CA40FDD4EF6B}.Debug|Win32.ActiveCfg = Debug|Win32
		{8B0E823B-FDB8-4F25-9610-CA40FDD4EF6B}.Debug|Win32.Build.0 = Debug|Win32
		{8B0E823B-FDB8-4F25-9610-CA40FDD4EF6B}.Release|Win32.ActiveCfg = Release|Win32
		{8B0E823B-FDB8-4F25-9610-CA40FDD4EF6B}.Release|Win32.Build.0 = Release|Win32
		{41C61C02-1CF2-4953-9632-B6218504E7D4}.Debug|Win32.ActiveCfg = Debug|Win32
		{41C61C02-1CF2-4953-9632-B6218504E7D4}.Debug|Win32.Build.0 = Debug|Win32
		{41C61C02-1CF2-4953-9632-B6218504E7D4}.Release|Win32.ActiveCfg = Release|Win32
		{41C61C02-1CF2-4953-9632-B6218504E7D4}.Release|Win32.Build.0 = Release|Win32
		{159F0F80-2D5F-468E-80EB-76BA58F441B0}.Debug|Win32.ActiveCfg = Debug|Win32
		{159F0F80-2D5F-468E-80EB-76BA58F441B0}.Debug|Win32.Build.0 = Debug|Win32
		{159F0F80-2D5F-468E-80EB-76BA58F441B0}.Release|Win32.ActiveCfg = Release|Win32
		{159F0F80-2D5F-468E-80EB-76BA58F441B0}.Release|Win32.Build.0 = Release|Win32
		{4DC42731-543C-4D83-9EE5-CEDDE80F6CC8}.Debug|Win32.ActiveCfg = Debug|Win32
		{4DC42731-543C-4D83-9EE5-CEDDE80F6CC8}.Debug|Win32.Build.0 = Debug|Win32
		{4DC42731-543C-4D83-9EE5-CEDDE80F6CC8}.Release|Win32.ActiveCfg = Release|Win32
		{4DC42731-543C-4D83-9EE5-CEDDE80F6CC8}.Release|Win32.Build.0 = Release|Win32
		{09310BA8-0060-4D27-ADB5-FA8EEBB47567}.Debug|Win32.ActiveCfg = Debug|Win32
		{09310BA8-0060-4D27-ADB5-FA8EEBB47567}.Debug|Win32.Build.0 = Debug|Win32
		{09310BA8-0060-4D27-ADB5-FA8EEBB47567}.Release|Win32.ActiveCfg = Release|Win32
		{09310BA8-0060-4D27-ADB5-FA8EEBB47567}.Release|Win32.Build.0 = Release|Win32
		{B6970057-79CA-45E5-BE41-F29EF2CEBEFF}.Debug|Win32.ActiveCfg = Debug|Win32
		{B6970057-79CA-45E5-BE41-F29EF2CEBEFF}.Debug|Win32.Build.0 = Debug|Win32
		{B6970057-79CA-45E5-BE41-F29EF2CEBEFF}.Release|Win32.ActiveCfg = Release|Win32
		{B6970057-79CA-45E5-BE41-F29EF2CEBEFF}.Release|Win32.Build.0 = Release|Win32
		{FF333F18-7F81-403C-9AFB-82252BDD8813}.Debug|Win32.ActiveCfg = Debug|Win32
		{FF333F18-7F81-403C-9AFB-82252BDD8813}.Debug|Win32.Build.0 = Debug|Win32
		{FF333F18-7F81-403C-9AFB-82252BDD8813}.Release|Win32.ActiveCfg = Release|Win32
		{FF333F18-7F81-403C-9AFB-82252BDD8813}.Release|Win32.Build.0 = Release|Win32
		{8FC97F01-DE71-4A24-A4DB-F83157CD8CDF}.Debug|Win32.ActiveCfg = Debug|Win32
		{8FC97F01-DE71-4A24-A4DB-F83157CD8CDF}.Debug|Win32.Build.0 = Debug|Win32
		{8FC97F01-DE71-4A24-A4DB-F83157CD8CDF}.Release|Win32.ActiveCfg = Release|Win32
		{8FC97F01-DE71-4A24-A4DB-F83157CD8CDF}.Release|Win32.Build.0 = Release|Win32
		{18B47C01-B442-4947-A74C-3C01F7192571}.Debug|Win32.ActiveCfg = Debug|Win32
		{18B47C01-B442-4947-A74C-3C01F7192571}.Debug|Win32.Build.0 = Debug|Win32
		{18B47C01-B442-4947-A74C-3C01F7192571}.Release|Win32.ActiveCfg = Release|Win32
		{18B47C01-B442-4947-A74C-3C01F7192571}.Release|Win32.Build.0 = Release|Win32
		{9CEF2B15-30FD-4335-8AF7-E15247CE8C1D}.Debug|Win32.ActiveCfg = Debug|Win32
		{9CEF2B15-30FD-4335-8AF7-E15247CE8C1D}.Debug|Win32.Build.0 = Debug|Win32
		{9CEF2B15-30FD-4335-8AF7-E15247CE8C1D}.Release|Win32.ActiveCfg = Release|Win32
		{9CEF2B15-30FD-4335-8AF7-E15247CE8C1D}.Release|Win32.Build.0 = Release|Win32
		{9F8F2657-5F06-41B6-A04D-FD4D14950F60}.Debug|Win32.ActiveCfg = Debug|Win32
		{9F8F2657-5F06-41B6-A04D-FD4D14950F60}.Debug|Win32.Build.0 = Debug|Win32
		{9F8F2657-5F06-41B6-A04D-FD4D14950F60}.Release|Win32.ActiveCfg = Release|Win32
		{9F8F2657-5F06-41B6-A04D-FD4D14950F60}.Release|Win32.Build.0 = Release|Win32
		{758EC2C1-C05B-4A10-A052-B3A41A4C8336}.Debug|Win32.ActiveCfg = Debug|Win32
		{758EC2C1-C05B-4A10-A052-B3A41A4C8336}.Debug|Win32.Build.0 = Debug|Win32
		{758EC2C1-C05B-4A10-A052-B3A41A4C8336}.Release|Win32.ActiveCfg = Release|Win32
		{758EC2C1-C05B-4A10-A052-B3A41A4C8336}.Release|Win32.Build.0 = Release|Win32
		{4C2681BB-3553-4EC5-8A2E-FBD6948F2A52}.Debug|Win32.ActiveCfg = Debug|Win32
		{4C2681BB-3553-4EC5-8A2E-FBD6948F2A52}.Debug|Win32.Build.0 = Debug|Win32
		{4C2681BB-3553-4EC5-8A2E-FBD6948F2A52}.Release|Win32.ActiveCfg = Release|Win32
		{4C2681BB-3553-4EC5-8A2E-FBD6948F2A52}.Release|Win32.Build.0 = Release|Win32
		{80455C0B-EFC9-4E4E-BB6E-4AC7417BEEDA}.Debug|Win32.ActiveCfg = Debug|Win32
		{80455C0B-EFC9-4E4E-BB6E-4AC7417BEEDA}.Debug|Win32.Build.0 = Debug|Win32
		{80455C0B-EFC9-4E4E-BB6E-4AC7417BEEDA}.Release|Win32.ActiveCfg = Release|Win32
		{80455C0B-EFC9-4E4E-BB6E-4AC7417BEEDA}.Release|Win32.Build.0 = Release|Win32
		{18A1B7C2-15FB-4EA4-9B9F-59D1AF12B835}.Debug|Win32.ActiveCfg = Debug|Win32
		{18A1B7C2-15FB-4EA4-9B9F-59D1AF12B835}.Debug|Win32.Build.0 = Debug|Win32
		{18A1B7C2-15FB-4EA4-9B9F-59D1AF12B835}.Release|Win32.ActiveCfg = Release|Win32
		{18A1B7C2-15FB-4EA4-9B9F-59D1AF12B835}.Release|Win32.Build.0 = Release|Win32
		{7B3D52A9-69E6-4292-94FE-AE0DBE35711D}.Debug|Win32.ActiveCfg = Debug|Win32
		{7B3D52A9-69E6-4292-94FE-AE0DBE35711D}.Debug|Win32.Build.0 = Debug|Win32
		{7B3D52A9-69E6-4292-94FE-AE0DBE35711D}.Release|Win32.ActiveCfg = Release|Win32
		{7B3D52A9-69E6-4292-94FE-AE0DBE35711D}.Release|Win32.Build.0 = Release|Win32
	EndGlobalSection
	GlobalSection(SolutionProperties) = preSolution
		HideSolutionNode = FALSE
	EndGlobalSection
EndGlobal
